# THIS IS AN AUTOGENERATED FILE. DO NOT EDIT THIS FILE DIRECTLY.
# yarn lockfile v1


react-clone-referenced-element@^1.0.1:
  version "1.0.1"
  resolved "https://registry.yarnpkg.com/react-clone-referenced-element/-/react-clone-referenced-element-1.0.1.tgz#2bba8c69404c5e4a944398600bcc4c941f860682"
